
Microsoft Visual Studio Solution File, Format Version 12.00
# Visual Studio Version 17
VisualStudioVersion = 17.6.33829.357
MinimumVisualStudioVersion = 10.0.40219.1
Project("{FAE04EC0-301F-11D3-BF4B-00C04F79EFBC}") = "FolhaDePagamento", "FolhaDePagamento\FolhaDePagamento.csproj", "{EA7C3932-6454-4899-B285-7F7C898C04F9}"
EndProject
Global
	GlobalSection(SolutionConfigurationPlatforms) = preSolution
		Debug|Any CPU = Debug|Any CPU
		Release|Any CPU = Release|Any CPU
	EndGlobalSection
	GlobalSection(ProjectConfigurationPlatforms) = postSolution
		{EA7C3932-6454-4899-B285-7F7C898C04F9}.Debug|Any CPU.ActiveCfg = Debug|Any CPU
		{EA7C3932-6454-4899-B285-7F7C898C04F9}.Debug|Any CPU.Build.0 = Debug|Any CPU
		{EA7C3932-6454-4899-B285-7F7C898C04F9}.Release|Any CPU.ActiveCfg = Release|Any CPU
		{EA7C3932-6454-4899-B285-7F7C898C04F9}.Release|Any CPU.Build.0 = Release|Any CPU
	EndGlobalSection
	GlobalSection(SolutionProperties) = preSolution
		HideSolutionNode = FALSE
	EndGlobalSection
	GlobalSection(ExtensibilityGlobals) = postSolution
		SolutionGuid = {EF623F86-5267-41E8-8E66-5E27EA74622B}
	EndGlobalSection
EndGlobal
